
Microsoft Visual Studio Solution File, Format Version 12.00
# Visual Studio Version 17
VisualStudioVersion = 17.3.32901.215
MinimumVisualStudioVersion = 10.0.40219.1
Project("{9A19103F-16F7-4668-BE54-9A1E7A4F7556}") = "GeorgianEgg", "GeorgianEgg\GeorgianEgg.csproj", "{A037FCE4-435B-4357-B33D-2ADF18C11134}"
EndProject
Project("{9A19103F-16F7-4668-BE54-9A1E7A4F7556}") = "GeorgianEggTests", "GeorgianEggTests\GeorgianEggTests.csproj", "{2448FDB5-7435-4588-B8FD-DB122A99179A}"
	ProjectSection(ProjectDependencies) = postProject
		{A037FCE4-435B-4357-B33D-2ADF18C11134} = {A037FCE4-435B-4357-B33D-2ADF18C11134}
	EndProjectSection
EndProject
Global
	GlobalSection(SolutionConfigurationPlatforms) = preSolution
		Debug|Any CPU = Debug|Any CPU
		Release|Any CPU = Release|Any CPU
	EndGlobalSection
	GlobalSection(ProjectConfigurationPlatforms) = postSolution
		{A037FCE4-435B-4357-B33D-2ADF18C11134}.Debug|Any CPU.ActiveCfg = Debug|Any CPU
		{A037FCE4-435B-4357-B33D-2ADF18C11134}.Debug|Any CPU.Build.0 = Debug|Any CPU
		{A037FCE4-435B-4357-B33D-2ADF18C11134}.Release|Any CPU.ActiveCfg = Release|Any CPU
		{A037FCE4-435B-4357-B33D-2ADF18C11134}.Release|Any CPU.Build.0 = Release|Any CPU
		{2448FDB5-7435-4588-B8FD-DB122A99179A}.Debug|Any CPU.ActiveCfg = Debug|Any CPU
		{2448FDB5-7435-4588-B8FD-DB122A99179A}.Debug|Any CPU.Build.0 = Debug|Any CPU
		{2448FDB5-7435-4588-B8FD-DB122A99179A}.Release|Any CPU.ActiveCfg = Release|Any CPU
		{2448FDB5-7435-4588-B8FD-DB122A99179A}.Release|Any CPU.Build.0 = Release|Any CPU
	EndGlobalSection
	GlobalSection(SolutionProperties) = preSolution
		HideSolutionNode = FALSE
	EndGlobalSection
	GlobalSection(ExtensibilityGlobals) = postSolution
		SolutionGuid = {7C2CE971-F1B7-4D6D-A438-3C6ACFBFF22B}
	EndGlobalSection
EndGlobal
